
Microsoft Visual Studio Solution File, Format Version 12.00
# Visual Studio Version 17
VisualStudioVersion = 17.14.36603.0 d17.14
MinimumVisualStudioVersion = 10.0.40219.1
Project("{8BC9CEB8-8B4A-11D0-8D11-00A0C91BC942}") = "冒泡排序改进", "冒泡排序改进\冒泡排序改进.vcxproj", "{CFA27ADB-B929-4057-BEDD-3F7900E046DA}"
EndProject
Global
	GlobalSection(SolutionConfigurationPlatforms) = preSolution
		Debug|x64 = Debug|x64
		Debug|x86 = Debug|x86
		Release|x64 = Release|x64
		Release|x86 = Release|x86
	EndGlobalSection
	GlobalSection(ProjectConfigurationPlatforms) = postSolution
		{CFA27ADB-B929-4057-BEDD-3F7900E046DA}.Debug|x64.ActiveCfg = Debug|x64
		{CFA27ADB-B929-4057-BEDD-3F7900E046DA}.Debug|x64.Build.0 = Debug|x64
		{CFA27ADB-B929-4057-BEDD-3F7900E046DA}.Debug|x86.ActiveCfg = Debug|Win32
		{CFA27ADB-B929-4057-BEDD-3F7900E046DA}.Debug|x86.Build.0 = Debug|Win32
		{CFA27ADB-B929-4057-BEDD-3F7900E046DA}.Release|x64.ActiveCfg = Release|x64
		{CFA27ADB-B929-4057-BEDD-3F7900E046DA}.Release|x64.Build.0 = Release|x64
		{CFA27ADB-B929-4057-BEDD-3F7900E046DA}.Release|x86.ActiveCfg = Release|Win32
		{CFA27ADB-B929-4057-BEDD-3F7900E046DA}.Release|x86.Build.0 = Release|Win32
	EndGlobalSection
	GlobalSection(SolutionProperties) = preSolution
		HideSolutionNode = FALSE
	EndGlobalSection
	GlobalSection(ExtensibilityGlobals) = postSolution
		SolutionGuid = {08A84DC1-A91D-4356-BA92-7F96C0CBF938}
	EndGlobalSection
EndGlobal
